// !$*UTF8*$!
{
	archiveVersion = 1;
	classes = {
	};
	objectVersion = 46;
	objects = {

/* Begin PBXBuildFile section */
		658ECF671A94259300BF352B /* Lion.swift in Sources */ = {isa = PBXBuildFile; fileRef = 658ECF661A94259300BF352B /* Lion.swift */; };
		65F08CF51A82DE5D00003085 /* AppDelegate.swift in Sources */ = {isa = PBXBuildFile; fileRef = 65F08CF41A82DE5D00003085 /* AppDelegate.swift */; };
		65F08CF71A82DE5D00003085 /* ViewController.swift in Sources */ = {isa = PBXBuildFile; fileRef = 65F08CF61A82DE5D00003085 /* ViewController.swift */; };
		65F08CFA1A82DE5D00003085 /* Main.storyboard in Resources */ = {isa = PBXBuildFile; fileRef = 65F08CF81A82DE5D00003085 /* Main.storyboard */; };
		65F08CFC1A82DE5D00003085 /* Images.xcassets in Resources */ = {isa = PBXBuildFile; fileRef = 65F08CFB1A82DE5D00003085 /* Images.xcassets */; };
		65F08CFF1A82DE5D00003085 /* LaunchScreen.xib in Resources */ = {isa = PBXBuildFile; fileRef = 65F08CFD1A82DE5D00003085 /* LaunchScreen.xib */; };
		65F08D0B1A82DE5E00003085 /* LionsAndTigersTests.swift in Sources */ = {isa = PBXBuildFile; fileRef = 65F08D0A1A82DE5E00003085 /* LionsAndTigersTests.swift */; };
		65F08D151A82E83C00003085 /* Tiger.swift in Sources */ = {isa = PBXBuildFile; fileRef = 65F08D141A82E83C00003085 /* Tiger.swift */; };
		65F08D1F1A82F6EA00003085 /* BengalTiger.jpg in Resources */ = {isa = PBXBuildFile; fileRef = 65F08D171A82F6EA00003085 /* BengalTiger.jpg */; };
		65F08D201A82F6EA00003085 /* IndochineseTiger.jpg in Resources */ = {isa = PBXBuildFile; fileRef = 65F08D181A82F6EA00003085 /* IndochineseTiger.jpg */; };
		65F08D211A82F6EA00003085 /* Lion.jpg in Resources */ = {isa = PBXBuildFile; fileRef = 65F08D191A82F6EA00003085 /* Lion.jpg */; };
		65F08D221A82F6EA00003085 /* LionCub1.jpg in Resources */ = {isa = PBXBuildFile; fileRef = 65F08D1A1A82F6EA00003085 /* LionCub1.jpg */; };
		65F08D231A82F6EA00003085 /* LionCub2.jpeg in Resources */ = {isa = PBXBuildFile; fileRef = 65F08D1B1A82F6EA00003085 /* LionCub2.jpeg */; };
		65F08D241A82F6EA00003085 /* Lioness.jpeg in Resources */ = {isa = PBXBuildFile; fileRef = 65F08D1C1A82F6EA00003085 /* Lioness.jpeg */; };
		65F08D251A82F6EA00003085 /* MalayanTiger.jpg in Resources */ = {isa = PBXBuildFile; fileRef = 65F08D1D1A82F6EA00003085 /* MalayanTiger.jpg */; };
		65F08D261A82F6EA00003085 /* SiberianTiger.jpg in Resources */ = {isa = PBXBuildFile; fileRef = 65F08D1E1A82F6EA00003085 /* SiberianTiger.jpg */; };
/* End PBXBuildFile section */

/* Begin PBXContainerItemProxy section */
		65F08D051A82DE5E00003085 /* PBXContainerItemProxy */ = {
			isa = PBXContainerItemProxy;
			containerPortal = 65F08CE71A82DE5D00003085 /* Project object */;
			proxyType = 1;
			remoteGlobalIDString = 65F08CEE1A82DE5D00003085;
			remoteInfo = LionsAndTigers;
		};
/* End PBXContainerItemProxy section */

/* Begin PBXFileReference section */
		658ECF661A94259300BF352B /* Lion.swift */ = {isa = PBXFileReference; fileEncoding = 4; lastKnownFileType = sourcecode.swift; path = Lion.swift; sourceTree = "<group>"; };
		65F08CEF1A82DE5D00003085 /* LionsAndTigers.app */ = {isa = PBXFileReference; explicitFileType = wrapper.application; includeInIndex = 0; path = LionsAndTigers.app; sourceTree = BUILT_PRODUCTS_DIR; };
		65F08CF31A82DE5D00003085 /* Info.plist */ = {isa = PBXFileReference; lastKnownFileType = text.plist.xml; path = Info.plist; sourceTree = "<group>"; };
		65F08CF41A82DE5D00003085 /* AppDelegate.swift */ = {isa = PBXFileReference; lastKnownFileType = sourcecode.swift; path = AppDelegate.swift; sourceTree = "<group>"; };
		65F08CF61A82DE5D00003085 /* ViewController.swift */ = {isa = PBXFileReference; lastKnownFileType = sourcecode.swift; path = ViewController.swift; sourceTree = "<group>"; };
		65F08CF91A82DE5D00003085 /* Base */ = {isa = PBXFileReference; lastKnownFileType = file.storyboard; name = Base; path = Base.lproj/Main.storyboard; sourceTree = "<group>"; };
		65F08CFB1A82DE5D00003085 /* Images.xcassets */ = {isa = PBXFileReference; lastKnownFileType = folder.assetcatalog; path = Images.xcassets; sourceTree = "<group>"; };
		65F08CFE1A82DE5D00003085 /* Base */ = {isa = PBXFileReference; lastKnownFileType = file.xib; name = Base; path = Base.lproj/LaunchScreen.xib; sourceTree = "<group>"; };
		65F08D041A82DE5E00003085 /* LionsAndTigersTests.xctest */ = {isa = PBXFileReference; explicitFileType = wrapper.cfbundle; includeInIndex = 0; path = LionsAndTigersTests.xctest; sourceTree = BUILT_PRODUCTS_DIR; };
		65F08D091A82DE5E00003085 /* Info.plist */ = {isa = PBXFileReference; lastKnownFileType = text.plist.xml; path = Info.plist; sourceTree = "<group>"; };
		65F08D0A1A82DE5E00003085 /* LionsAndTigersTests.swift */ = {isa = PBXFileReference; lastKnownFileType = sourcecode.swift; path = LionsAndTigersTests.swift; sourceTree = "<group>"; };
		65F08D141A82E83C00003085 /* Tiger.swift */ = {isa = PBXFileReference; fileEncoding = 4; lastKnownFileType = sourcecode.swift; path = Tiger.swift; sourceTree = "<group>"; };
		65F08D171A82F6EA00003085 /* BengalTiger.jpg */ = {isa = PBXFileReference; lastKnownFileType = image.jpeg; path = BengalTiger.jpg; sourceTree = "<group>"; };
		65F08D181A82F6EA00003085 /* IndochineseTiger.jpg */ = {isa = PBXFileReference; lastKnownFileType = image.jpeg; path = IndochineseTiger.jpg; sourceTree = "<group>"; };
		65F08D191A82F6EA00003085 /* Lion.jpg */ = {isa = PBXFileReference; lastKnownFileType = image.jpeg; path = Lion.jpg; sourceTree = "<group>"; };
		65F08D1A1A82F6EA00003085 /* LionCub1.jpg */ = {isa = PBXFileReference; lastKnownFileType = image.jpeg; path = LionCub1.jpg; sourceTree = "<group>"; };
		65F08D1B1A82F6EA00003085 /* LionCub2.jpeg */ = {isa = PBXFileReference; lastKnownFileType = image.jpeg; path = LionCub2.jpeg; sourceTree = "<group>"; };
		65F08D1C1A82F6EA00003085 /* Lioness.jpeg */ = {isa = PBXFileReference; lastKnownFileType = image.jpeg; path = Lioness.jpeg; sourceTree = "<group>"; };
		65F08D1D1A82F6EA00003085 /* MalayanTiger.jpg */ = {isa = PBXFileReference; lastKnownFileType = image.jpeg; path = MalayanTiger.jpg; sourceTree = "<group>"; };
		65F08D1E1A82F6EA00003085 /* SiberianTiger.jpg */ = {isa = PBXFileReference; lastKnownFileType = image.jpeg; path = SiberianTiger.jpg; sourceTree = "<group>"; };
/* End PBXFileReference section */

/* Begin PBXFrameworksBuildPhase section */
		65F08CEC1A82DE5D00003085 /* Frameworks */ = {
			isa = PBXFrameworksBuildPhase;
			buildActionMask = 2147483647;
			files = (
			);
			runOnlyForDeploymentPostprocessing = 0;
		};
		65F08D011A82DE5E00003085 /* Frameworks */ = {
			isa = PBXFrameworksBuildPhase;
			buildActionMask = 2147483647;
			files = (
			);
			runOnlyForDeploymentPostprocessing = 0;
		};
/* End PBXFrameworksBuildPhase section */

/* Begin PBXGroup section */
		65F08CE61A82DE5D00003085 = {
			isa = PBXGroup;
			children = (
				65F08CF11A82DE5D00003085 /* LionsAndTigers */,
				65F08D071A82DE5E00003085 /* LionsAndTigersTests */,
				65F08CF01A82DE5D00003085 /* Products */,
			);
			sourceTree = "<group>";
		};
		65F08CF01A82DE5D00003085 /* Products */ = {
			isa = PBXGroup;
			children = (
				65F08CEF1A82DE5D00003085 /* LionsAndTigers.app */,
				65F08D041A82DE5E00003085 /* LionsAndTigersTests.xctest */,
			);
			name = Products;
			sourceTree = "<group>";
		};
		65F08CF11A82DE5D00003085 /* LionsAndTigers */ = {
			isa = PBXGroup;
			children = (
				65F08CF41A82DE5D00003085 /* AppDelegate.swift */,
				65F08CF61A82DE5D00003085 /* ViewController.swift */,
				658ECF661A94259300BF352B /* Lion.swift */,
				65F08D141A82E83C00003085 /* Tiger.swift */,
				65F08CF81A82DE5D00003085 /* Main.storyboard */,
				65F08CFB1A82DE5D00003085 /* Images.xcassets */,
				65F08CFD1A82DE5D00003085 /* LaunchScreen.xib */,
				65F08CF21A82DE5D00003085 /* Supporting Files */,
			);
			path = LionsAndTigers;
			sourceTree = "<group>";
		};
		65F08CF21A82DE5D00003085 /* Supporting Files */ = {
			isa = PBXGroup;
			children = (
				65F08D161A82F6EA00003085 /* LionsAndTigersAssets */,
				65F08CF31A82DE5D00003085 /* Info.plist */,
			);
			name = "Supporting Files";
			sourceTree = "<group>";
		};
		65F08D071A82DE5E00003085 /* LionsAndTigersTests */ = {
			isa = PBXGroup;
			children = (
				65F08D0A1A82DE5E00003085 /* LionsAndTigersTests.swift */,
				65F08D081A82DE5E00003085 /* Supporting Files */,
			);
			path = LionsAndTigersTests;
			sourceTree = "<group>";
		};
		65F08D081A82DE5E00003085 /* Supporting Files */ = {
			isa = PBXGroup;
			children = (
				65F08D091A82DE5E00003085 /* Info.plist */,
			);
			name = "Supporting Files";
			sourceTree = "<group>";
		};
		65F08D161A82F6EA00003085 /* LionsAndTigersAssets */ = {
			isa = PBXGroup;
			children = (
				65F08D171A82F6EA00003085 /* BengalTiger.jpg */,
				65F08D181A82F6EA00003085 /* IndochineseTiger.jpg */,
				65F08D191A82F6EA00003085 /* Lion.jpg */,
				65F08D1A1A82F6EA00003085 /* LionCub1.jpg */,
				65F08D1B1A82F6EA00003085 /* LionCub2.jpeg */,
				65F08D1C1A82F6EA00003085 /* Lioness.jpeg */,
				65F08D1D1A82F6EA00003085 /* MalayanTiger.jpg */,
				65F08D1E1A82F6EA00003085 /* SiberianTiger.jpg */,
			);
			path = LionsAndTigersAssets;
			sourceTree = "<group>";
		};
/* End PBXGroup section */

/* Begin PBXNativeTarget section */
		65F08CEE1A82DE5D00003085 /* LionsAndTigers */ = {
			isa = PBXNativeTarget;
			buildConfigurationList = 65F08D0E1A82DE5E00003085 /* Build configuration list for PBXNativeTarget "LionsAndTigers" */;
			buildPhases = (
				65F08CEB1A82DE5D00003085 /* Sources */,
				65F08CEC1A82DE5D00003085 /* Frameworks */,
				65F08CED1A82DE5D00003085 /* Resources */,
			);
			buildRules = (
			);
			dependencies = (
			);
			name = LionsAndTigers;
			productName = LionsAndTigers;
			productReference = 65F08CEF1A82DE5D00003085 /* LionsAndTigers.app */;
			productType = "com.apple.product-type.application";
		};
		65F08D031A82DE5E00003085 /* LionsAndTigersTests */ = {
			isa = PBXNativeTarget;
			buildConfigurationList = 65F08D111A82DE5E00003085 /* Build configuration list for PBXNativeTarget "LionsAndTigersTests" */;
			buildPhases = (
				65F08D001A82DE5E00003085 /* Sources */,
				65F08D011A82DE5E00003085 /* Frameworks */,
				65F08D021A82DE5E00003085 /* Resources */,
			);
			buildRules = (
			);
			dependencies = (
				65F08D061A82DE5E00003085 /* PBXTargetDependency */,
			);
			name = LionsAndTigersTests;
			productName = LionsAndTigersTests;
			productReference = 65F08D041A82DE5E00003085 /* LionsAndTigersTests.xctest */;
			productType = "com.apple.product-type.bundle.unit-test";
		};
/* End PBXNativeTarget section */

/* Begin PBXProject section */
		65F08CE71A82DE5D00003085 /* Project object */ = {
			isa = PBXProject;
			attributes = {
				LastUpgradeCheck = 0610;
				ORGANIZATIONNAME = "Daniel Kwiatkowski";
				TargetAttributes = {
					65F08CEE1A82DE5D00003085 = {
						CreatedOnToolsVersion = 6.1.1;
					};
					65F08D031A82DE5E00003085 = {
						CreatedOnToolsVersion = 6.1.1;
						TestTargetID = 65F08CEE1A82DE5D00003085;
					};
				};
			};
			buildConfigurationList = 65F08CEA1A82DE5D00003085 /* Build configuration list for PBXProject "LionsAndTigers" */;
			compatibilityVersion = "Xcode 3.2";
			developmentRegion = English;
			hasScannedForEncodings = 0;
			knownRegions = (
				en,
				Base,
			);
			mainGroup = 65F08CE61A82DE5D00003085;
			productRefGroup = 65F08CF01A82DE5D00003085 /* Products */;
			projectDirPath = "";
			projectRoot = "";
			targets = (
				65F08CEE1A82DE5D00003085 /* LionsAndTigers */,
				65F08D031A82DE5E00003085 /* LionsAndTigersTests */,
			);
		};
/* End PBXProject section */

/* Begin PBXResourcesBuildPhase section */
		65F08CED1A82DE5D00003085 /* Resources */ = {
			isa = PBXResourcesBuildPhase;
			buildActionMask = 2147483647;
			files = (
				65F08D201A82F6EA00003085 /* IndochineseTiger.jpg in Resources */,
				65F08CFA1A82DE5D00003085 /* Main.storyboard in Resources */,
				65F08CFF1A82DE5D00003085 /* LaunchScreen.xib in Resources */,
				65F08D241A82F6EA00003085 /* Lioness.jpeg in Resources */,
				65F08D221A82F6EA00003085 /* LionCub1.jpg in Resources */,
				65F08D251A82F6EA00003085 /* MalayanTiger.jpg in Resources */,
				65F08D261A82F6EA00003085 /* SiberianTiger.jpg in Resources */,
				65F08D1F1A82F6EA00003085 /* BengalTiger.jpg in Resources */,
				65F08CFC1A82DE5D00003085 /* Images.xcassets in Resources */,
				65F08D211A82F6EA00003085 /* Lion.jpg in Resources */,
				65F08D231A82F6EA00003085 /* LionCub2.jpeg in Resources */,
			);
			runOnlyForDeploymentPostprocessing = 0;
		};
		65F08D021A82DE5E00003085 /* Resources */ = {
			isa = PBXResourcesBuildPhase;
			buildActionMask = 2147483647;
			files = (
			);
			runOnlyForDeploymentPostprocessing = 0;
		};
/* End PBXResourcesBuildPhase section */

/* Begin PBXSourcesBuildPhase section */
		65F08CEB1A82DE5D00003085 /* Sources */ = {
			isa = PBXSourcesBuildPhase;
			buildActionMask = 2147483647;
			files = (
				65F08CF71A82DE5D00003085 /* ViewController.swift in Sources */,
				65F08D151A82E83C00003085 /* Tiger.swift in Sources */,
				65F08CF51A82DE5D00003085 /* AppDelegate.swift in Sources */,
				658ECF671A94259300BF352B /* Lion.swift in Sources */,
			);
			runOnlyForDeploymentPostprocessing = 0;
		};
		65F08D001A82DE5E00003085 /* Sources */ = {
			isa = PBXSourcesBuildPhase;
			buildActionMask = 2147483647;
			files = (
				65F08D0B1A82DE5E00003085 /* LionsAndTigersTests.swift in Sources */,
			);
			runOnlyForDeploymentPostprocessing = 0;
		};
/* End PBXSourcesBuildPhase section */

/* Begin PBXTargetDependency section */
		65F08D061A82DE5E00003085 /* PBXTargetDependency */ = {
			isa = PBXTargetDependency;
			target = 65F08CEE1A82DE5D00003085 /* LionsAndTigers */;
			targetProxy = 65F08D051A82DE5E00003085 /* PBXContainerItemProxy */;
		};
/* End PBXTargetDependency section */

/* Begin PBXVariantGroup section */
		65F08CF81A82DE5D00003085 /* Main.storyboard */ = {
			isa = PBXVariantGroup;
			children = (
				65F08CF91A82DE5D00003085 /* Base */,
			);
			name = Main.storyboard;
			sourceTree = "<group>";
		};
		65F08CFD1A82DE5D00003085 /* LaunchScreen.xib */ = {
			isa = PBXVariantGroup;
			children = (
				65F08CFE1A82DE5D00003085 /* Base */,
			);
			name = LaunchScreen.xib;
			sourceTree = "<group>";
		};
/* End PBXVariantGroup section */

/* Begin XCBuildConfiguration section */
		65F08D0C1A82DE5E00003085 /* Debug */ = {
			isa = XCBuildConfiguration;
			buildSettings = {
				ALWAYS_SEARCH_USER_PATHS = NO;
				CLANG_CXX_LANGUAGE_STANDARD = "gnu++0x";
				CLANG_CXX_LIBRARY = "libc++";
				CLANG_ENABLE_MODULES = YES;
				CLANG_ENABLE_OBJC_ARC = YES;
				CLANG_WARN_BOOL_CONVERSION = YES;
				CLANG_WARN_CONSTANT_CONVERSION = YES;
				CLANG_WARN_DIRECT_OBJC_ISA_USAGE = YES_ERROR;
				CLANG_WARN_EMPTY_BODY = YES;
				CLANG_WARN_ENUM_CONVERSION = YES;
				CLANG_WARN_INT_CONVERSION = YES;
				CLANG_WARN_OBJC_ROOT_CLASS = YES_ERROR;
				CLANG_WARN_UNREACHABLE_CODE = YES;
				CLANG_WARN__DUPLICATE_METHOD_MATCH = YES;
				"CODE_SIGN_IDENTITY[sdk=iphoneos*]" = "iPhone Developer";
				COPY_PHASE_STRIP = NO;
				ENABLE_STRICT_OBJC_MSGSEND = YES;
				GCC_C_LANGUAGE_STANDARD = gnu99;
				GCC_DYNAMIC_NO_PIC = NO;
				GCC_OPTIMIZATION_LEVEL = 0;
				GCC_PREPROCESSOR_DEFINITIONS = (
					"DEBUG=1",
					"$(inherited)",
				);
				GCC_SYMBOLS_PRIVATE_EXTERN = NO;
				GCC_WARN_64_TO_32_BIT_CONVERSION = YES;
				GCC_WARN_ABOUT_RETURN_TYPE = YES_ERROR;
				GCC_WARN_UNDECLARED_SELECTOR = YES;
				GCC_WARN_UNINITIALIZED_AUTOS = YES_AGGRESSIVE;
				GCC_WARN_UNUSED_FUNCTION = YES;
				GCC_WARN_UNUSED_VARIABLE = YES;
				IPHONEOS_DEPLOYMENT_TARGET = 8.1;
				MTL_ENABLE_DEBUG_INFO = YES;
				ONLY_ACTIVE_ARCH = YES;
				SDKROOT = iphoneos;
				SWIFT_OPTIMIZATION_LEVEL = "-Onone";
				TARGETED_DEVICE_FAMILY = "1,2";
			};
			name = Debug;
		};
		65F08D0D1A82DE5E00003085 /* Release */ = {
			isa = XCBuildConfiguration;
			buildSettings = {
				ALWAYS_SEARCH_USER_PATHS = NO;
				CLANG_CXX_LANGUAGE_STANDARD = "gnu++0x";
				CLANG_CXX_LIBRARY = "libc++";
				CLANG_ENABLE_MODULES = YES;
				CLANG_ENABLE_OBJC_ARC = YES;
				CLANG_WARN_BOOL_CONVERSION = YES;
				CLANG_WARN_CONSTANT_CONVERSION = YES;
				CLANG_WARN_DIRECT_OBJC_ISA_USAGE = YES_ERROR;
				CLANG_WARN_EMPTY_BODY = YES;
				CLANG_WARN_ENUM_CONVERSION = YES;
				CLANG_WARN_INT_CONVERSION = YES;
				CLANG_WARN_OBJC_ROOT_CLASS = YES_ERROR;
				CLANG_WARN_UNREACHABLE_CODE = YES;
				CLANG_WARN__DUPLICATE_METHOD_MATCH = YES;
				"CODE_SIGN_IDENTITY[sdk=iphoneos*]" = "iPhone Developer";
				COPY_PHASE_STRIP = YES;
				ENABLE_NS_ASSERTIONS = NO;
				ENABLE_STRICT_OBJC_MSGSEND = YES;
				GCC_C_LANGUAGE_STANDARD = gnu99;
				GCC_WARN_64_TO_32_BIT_CONVERSION = YES;
				GCC_WARN_ABOUT_RETURN_TYPE = YES_ERROR;
				GCC_WARN_UNDECLARED_SELECTOR = YES;
				GCC_WARN_UNINITIALIZED_AUTOS = YES_AGGRESSIVE;
				GCC_WARN_UNUSED_FUNCTION = YES;
				GCC_WARN_UNUSED_VARIABLE = YES;
				IPHONEOS_DEPLOYMENT_TARGET = 8.1;
				MTL_ENABLE_DEBUG_INFO = NO;
				SDKROOT = iphoneos;
				TARGETED_DEVICE_FAMILY = "1,2";
				VALIDATE_PRODUCT = YES;
			};
			name = Release;
		};
		65F08D0F1A82DE5E00003085 /* Debug */ = {
			isa = XCBuildConfiguration;
			buildSettings = {
				ASSETCATALOG_COMPILER_APPICON_NAME = AppIcon;
				INFOPLIST_FILE = LionsAndTigers/Info.plist;
				LD_RUNPATH_SEARCH_PATHS = "$(inherited) @executable_path/Frameworks";
				PRODUCT_NAME = "$(TARGET_NAME)";
			};
			name = Debug;
		};
		65F08D101A82DE5E00003085 /* Release */ = {
			isa = XCBuildConfiguration;
			buildSettings = {
				ASSETCATALOG_COMPILER_APPICON_NAME = AppIcon;
				INFOPLIST_FILE = LionsAndTigers/Info.plist;
				LD_RUNPATH_SEARCH_PATHS = "$(inherited) @executable_path/Frameworks";
				PRODUCT_NAME = "$(TARGET_NAME)";
			};
			name = Release;
		};
		65F08D121A82DE5E00003085 /* Debug */ = {
			isa = XCBuildConfiguration;
			buildSettings = {
				BUNDLE_LOADER = "$(TEST_HOST)";
				FRAMEWORK_SEARCH_PATHS = (
					"$(SDKROOT)/Developer/Library/Frameworks",
					"$(inherited)",
				);
				GCC_PREPROCESSOR_DEFINITIONS = (
					"DEBUG=1",
					"$(inherited)",
				);
				INFOPLIST_FILE = LionsAndTigersTests/Info.plist;
				LD_RUNPATH_SEARCH_PATHS = "$(inherited) @executable_path/Frameworks @loader_path/Frameworks";
				PRODUCT_NAME = "$(TARGET_NAME)";
				TEST_HOST = "$(BUILT_PRODUCTS_DIR)/LionsAndTigers.app/LionsAndTigers";
			};
			name = Debug;
		};
		65F08D131A82DE5E00003085 /* Release */ = {
			isa = XCBuildConfiguration;
			buildSettings = {
				BUNDLE_LOADER = "$(TEST_HOST)";
				FRAMEWORK_SEARCH_PATHS = (
					"$(SDKROOT)/Developer/Library/Frameworks",
					"$(inherited)",
				);
				INFOPLIST_FILE = LionsAndTigersTests/Info.plist;
				LD_RUNPATH_SEARCH_PATHS = "$(inherited) @executable_path/Frameworks @loader_path/Frameworks";
				PRODUCT_NAME = "$(TARGET_NAME)";
				TEST_HOST = "$(BUILT_PRODUCTS_DIR)/LionsAndTigers.app/LionsAndTigers";
			};
			name = Release;
		};
/* End XCBuildConfiguration section */

/* Begin XCConfigurationList section */
		65F08CEA1A82DE5D00003085 /* Build configuration list for PBXProject "LionsAndTigers" */ = {
			isa = XCConfigurationList;
			buildConfigurations = (
				65F08D0C1A82DE5E00003085 /* Debug */,
				65F08D0D1A82DE5E00003085 /* Release */,
			);
			defaultConfigurationIsVisible = 0;
			defaultConfigurationName = Release;
		};
		65F08D0E1A82DE5E00003085 /* Build configuration list for PBXNativeTarget "LionsAndTigers" */ = {
			isa = XCConfigurationList;
			buildConfigurations = (
				65F08D0F1A82DE5E00003085 /* Debug */,
				65F08D101A82DE5E00003085 /* Release */,
			);
			defaultConfigurationIsVisible = 0;
			defaultConfigurationName = Release;
		};
		65F08D111A82DE5E00003085 /* Build configuration list for PBXNativeTarget "LionsAndTigersTests" */ = {
			isa = XCConfigurationList;
			buildConfigurations = (
				65F08D121A82DE5E00003085 /* Debug */,
				65F08D131A82DE5E00003085 /* Release */,
			);
			defaultConfigurationIsVisible = 0;
			defaultConfigurationName = Release;
		};
/* End XCConfigurationList section */
	};
	rootObject = 65F08CE71A82DE5D00003085 /* Project object */;
}
